{
  "name": "inkpainter",
  "lockfileVersion": 3,
  "requires": true,
  "packages": {
    "": {
      "dependencies": {
        "@gradio/client": "^2.3.0"
      }
    },
    "node_modules/@gradio/client": {
      "version": "2.3.0",
      "resolved": "https://registry.npmjs.org/@gradio/client/-/client-2.3.0.tgz",
      "integrity": "sha512-tACJOO/Jkh1rek60NjuRbZo41N8Hmd7zMfJHTKbExmt4eLT4Olrj9G1uMxk7rp60QiOQYJxfyj5Ugf4rRwkXQQ==",
      "license": "ISC",
      "dependencies": {
        "fetch-event-stream": "^0.1.5"
      },
      "engines": {
        "node": ">=18.0.0"
      }
    },
    "node_modules/fetch-event-stream": {
      "version": "0.1.6",
      "resolved": "https://registry.npmjs.org/fetch-event-stream/-/fetch-event-stream-0.1.6.tgz",
      "integrity": "sha512-GREtJ5HNikdU2AXtZ6E/5bk+aslMU6ie5mPG6H9nvsdDkkHQ6m5lHwmmmDTOBexok9hApQ7EprsXCdmz9ZC68w==",
      "license": "MIT"
    }
  }
}
